
Microsoft Visual Studio Solution File, Format Version 12.00
# Visual Studio Version 16
VisualStudioVersion = 16.0.31911.196
MinimumVisualStudioVersion = 10.0.40219.1
Project("{9A19103F-16F7-4668-BE54-9A1E7A4F7556}") = "COMSCA", "COMSCA\COMSCA.csproj", "{5811636A-6CED-4324-9AB5-6FAA795031D2}"
EndProject
Project("{FAE04EC0-301F-11D3-BF4B-00C04F79EFBC}") = "RDLCDesign", "RDLCDesign\RDLCDesign.csproj", "{BF582D34-96BE-4947-A3C3-810AA1435588}"
EndProject
Global
	GlobalSection(SolutionConfigurationPlatforms) = preSolution
		Debug|Any CPU = Debug|Any CPU
		Release|Any CPU = Release|Any CPU
	EndGlobalSection
	GlobalSection(ProjectConfigurationPlatforms) = postSolution
		{5811636A-6CED-4324-9AB5-6FAA795031D2}.Debug|Any CPU.ActiveCfg = Debug|Any CPU
		{5811636A-6CED-4324-9AB5-6FAA795031D2}.Debug|Any CPU.Build.0 = Debug|Any CPU
		{5811636A-6CED-4324-9AB5-6FAA795031D2}.Release|Any CPU.ActiveCfg = Release|Any CPU
		{5811636A-6CED-4324-9AB5-6FAA795031D2}.Release|Any CPU.Build.0 = Release|Any CPU
		{BF582D34-96BE-4947-A3C3-810AA1435588}.Debug|Any CPU.ActiveCfg = Debug|Any CPU
		{BF582D34-96BE-4947-A3C3-810AA1435588}.Debug|Any CPU.Build.0 = Debug|Any CPU
		{BF582D34-96BE-4947-A3C3-810AA1435588}.Release|Any CPU.ActiveCfg = Release|Any CPU
		{BF582D34-96BE-4947-A3C3-810AA1435588}.Release|Any CPU.Build.0 = Release|Any CPU
	EndGlobalSection
	GlobalSection(SolutionProperties) = preSolution
		HideSolutionNode = FALSE
	EndGlobalSection
	GlobalSection(ExtensibilityGlobals) = postSolution
		SolutionGuid = {F8E562A6-ABC3-478A-8DD6-3922DA839B52}
	EndGlobalSection
EndGlobal
